{
  "name": "@bit/bit.envs.compilers.typescript",
  "version": "3.0.5",
  "lockfileVersion": 1,
  "requires": true,
  "dependencies": {
    "@bit/bit.utils.object.group-by": {
      "version": "0.0.1",
      "resolved": "https://node.bitsrc.io/bit.utils.object.group-by/-/bit.utils.object.group-by-0.0.1.tgz",
      "integrity": "sha1-8hMqepqtMeXYCiEXVjCf2H1Asno=",
      "requires": {
        "@bit/bit.utils.object.has-own-property": "0.0.1"
      }
    },
    "@bit/bit.utils.object.has-own-property": {
      "version": "0.0.1",
      "resolved": "https://node.bitsrc.io/bit.utils.object.has-own-property/-/bit.utils.object.has-own-property-0.0.1.tgz",
      "integrity": "sha1-ieefmfK1K8FRvYfZVZ0VUqANxfo="
    },
    "typescript": {
      "version": "3.5.1",
      "resolved": "https://registry.npmjs.org/typescript/-/typescript-3.5.1.tgz",
      "integrity": "sha512-64HkdiRv1yYZsSe4xC1WVgamNigVYjlssIoaH2HcZF0+ijsk5YK2g0G34w9wJkze8+5ow4STd22AynfO6ZYYLw=="
    }
  }
}
